
Microsoft Visual Studio Solution File, Format Version 12.00
# Visual Studio 15
VisualStudioVersion = 15.0.26430.16
MinimumVisualStudioVersion = 10.0.40219.1
Project("{FAE04EC0-301F-11D3-BF4B-00C04F79EFBC}") = "HelloAzureCI", "HelloAzureCI\HelloAzureCI.csproj", "{0BFEB738-0D24-4AD2-A7A1-7E9835FA5A55}"
EndProject
Project("{FAE04EC0-301F-11D3-BF4B-00C04F79EFBC}") = "HelloAzureCIUnitTests", "HelloAzureCIUnitTests\HelloAzureCIUnitTests.csproj", "{AFB42B3F-4690-45B6-9AC3-B21DB1E900DA}"
EndProject
Global
	GlobalSection(SolutionConfigurationPlatforms) = preSolution
		Debug|Any CPU = Debug|Any CPU
		Release|Any CPU = Release|Any CPU
	EndGlobalSection
	GlobalSection(ProjectConfigurationPlatforms) = postSolution
		{0BFEB738-0D24-4AD2-A7A1-7E9835FA5A55}.Debug|Any CPU.ActiveCfg = Debug|Any CPU
		{0BFEB738-0D24-4AD2-A7A1-7E9835FA5A55}.Debug|Any CPU.Build.0 = Debug|Any CPU
		{0BFEB738-0D24-4AD2-A7A1-7E9835FA5A55}.Release|Any CPU.ActiveCfg = Release|Any CPU
		{0BFEB738-0D24-4AD2-A7A1-7E9835FA5A55}.Release|Any CPU.Build.0 = Release|Any CPU
		{AFB42B3F-4690-45B6-9AC3-B21DB1E900DA}.Debug|Any CPU.ActiveCfg = Debug|Any CPU
		{AFB42B3F-4690-45B6-9AC3-B21DB1E900DA}.Debug|Any CPU.Build.0 = Debug|Any CPU
		{AFB42B3F-4690-45B6-9AC3-B21DB1E900DA}.Release|Any CPU.ActiveCfg = Release|Any CPU
		{AFB42B3F-4690-45B6-9AC3-B21DB1E900DA}.Release|Any CPU.Build.0 = Release|Any CPU
	EndGlobalSection
	GlobalSection(SolutionProperties) = preSolution
		HideSolutionNode = FALSE
	EndGlobalSection
EndGlobal
